{
    "hash": "cbf16b94924317e61b83df527bb5bccf",
    "packages": [
        {
            "package": "doctrine/common",
            "version": "2.2.2"
        },
        {
            "package": "doctrine/data-fixtures",
            "version": "dev-master",
            "source-reference": "779c3dfe446b6da893be87b908d6be28345d1e01",
            "commit-date": "1341780535"
        },
        {
            "package": "doctrine/dbal",
            "version": "2.2.2"
        },
        {
            "package": "doctrine/doctrine-bundle",
            "version": "dev-master",
            "alias-pretty-version": "1.0.x-dev",
            "alias-version": "1.0.9999999.9999999-dev"
        },
        {
            "package": "doctrine/doctrine-bundle",
            "version": "dev-master",
            "source-reference": "62134e6a8dd3f330131ee6a970f0cee1d7760c1d",
            "commit-date": "1343203511"
        },
        {
            "package": "doctrine/doctrine-fixtures-bundle",
            "version": "dev-master",
            "source-reference": "a5103a71bcd9b2f851ca6c16519a077784a3184a",
            "commit-date": "1341472847"
        },
        {
            "package": "doctrine/orm",
            "version": "2.2.2"
        },
        {
            "package": "egeloen/google-map-bundle",
            "version": "v1.0"
        },
        {
            "package": "elao/web-profiler-extra-bundle",
            "version": "dev-master",
            "source-reference": "e5e40520ed2565a663de84f1dc4f022e4f8e1f0d",
            "commit-date": "1338542950"
        },
        {
            "package": "friendsofsymfony/user-bundle",
            "version": "dev-master",
            "source-reference": "93b174df2ca884a70ecd99cd12adc29c378ca053",
            "commit-date": "1342876759"
        },
        {
            "package": "gedmo/doctrine-extensions",
            "version": "dev-master",
            "alias-pretty-version": "2.3.x-dev",
            "alias-version": "2.3.9999999.9999999-dev"
        },
        {
            "package": "gedmo/doctrine-extensions",
            "version": "dev-master",
            "source-reference": "ad263cf7112bd1f725db407266874f390a73917e",
            "commit-date": "1343504231"
        },
        {
            "package": "jms/aop-bundle",
            "version": "1.0.0"
        },
        {
            "package": "jms/cg",
            "version": "1.0.0"
        },
        {
            "package": "jms/di-extra-bundle",
            "version": "dev-master",
            "alias-pretty-version": "1.1.x-dev",
            "alias-version": "1.1.9999999.9999999-dev"
        },
        {
            "package": "jms/di-extra-bundle",
            "version": "dev-master",
            "source-reference": "7458e34930a18879110fae18457df09b83fd60b9",
            "commit-date": "1343212603"
        },
        {
            "package": "jms/metadata",
            "version": "1.1.1"
        },
        {
            "package": "jms/security-extra-bundle",
            "version": "dev-master",
            "source-reference": "1c2b2bef3505c390208f0411be82cc85cf5899eb",
            "commit-date": "1343171612"
        },
        {
            "package": "knplabs/knp-menu",
            "version": "v1.1.2"
        },
        {
            "package": "knplabs/knp-menu-bundle",
            "version": "v1.1.0"
        },
        {
            "package": "kriswallsmith/assetic",
            "version": "dev-master",
            "alias-pretty-version": "1.1.x-dev",
            "alias-version": "1.1.9999999.9999999-dev"
        },
        {
            "package": "kriswallsmith/assetic",
            "version": "dev-master",
            "source-reference": "c518a48ddc26af898191410cc35f7f30aaed448e",
            "commit-date": "1343084248"
        },
        {
            "package": "kriswallsmith/buzz",
            "version": "dev-master",
            "source-reference": "2ba5da13b1b03590f0164b3fb61578078d671fcc",
            "commit-date": "1341070218"
        },
        {
            "package": "monolog/monolog",
            "version": "1.1.0"
        },
        {
            "package": "sensio/buzz-bundle",
            "version": "v0.1"
        },
        {
            "package": "sensio/distribution-bundle",
            "version": "dev-master",
            "source-reference": "5886adae1613c0a72fbb95259a83ae798e86c0d3",
            "commit-date": "1342347850"
        },
        {
            "package": "sensio/framework-extra-bundle",
            "version": "dev-master",
            "alias-pretty-version": "2.1.x-dev",
            "alias-version": "2.1.9999999.9999999-dev"
        },
        {
            "package": "sensio/framework-extra-bundle",
            "version": "dev-master",
            "source-reference": "a0d76a65aeb70be6f25754a4482e84a9a28fb614",
            "commit-date": "1343456386"
        },
        {
            "package": "sensio/generator-bundle",
            "version": "dev-master",
            "source-reference": "4436c2e24301123fb413baf3f78cd93bbc016c07",
            "commit-date": "1343291371"
        },
        {
            "package": "swiftmailer/swiftmailer",
            "version": "v4.2.1"
        },
        {
            "package": "symfony/assetic-bundle",
            "version": "dev-master",
            "alias-pretty-version": "2.1.x-dev",
            "alias-version": "2.1.9999999.9999999-dev"
        },
        {
            "package": "symfony/assetic-bundle",
            "version": "dev-master",
            "source-reference": "a5daf7ca4588f88105c808de9a28ba1e66bfa082",
            "commit-date": "1343161458"
        },
        {
            "package": "symfony/monolog-bundle",
            "version": "dev-master",
            "alias-pretty-version": "2.1.x-dev",
            "alias-version": "2.1.9999999.9999999-dev"
        },
        {
            "package": "symfony/monolog-bundle",
            "version": "dev-master",
            "source-reference": "v2.1.0-BETA4",
            "commit-date": "1341078487"
        },
        {
            "package": "symfony/swiftmailer-bundle",
            "version": "dev-master",
            "alias-pretty-version": "2.1.x-dev",
            "alias-version": "2.1.9999999.9999999-dev"
        },
        {
            "package": "symfony/swiftmailer-bundle",
            "version": "dev-master",
            "source-reference": "v2.1.0-BETA4",
            "commit-date": "1342684512"
        },
        {
            "package": "symfony/symfony",
            "version": "dev-master",
            "alias-pretty-version": "2.1.x-dev",
            "alias-version": "2.1.9999999.9999999-dev"
        },
        {
            "package": "symfony/symfony",
            "version": "dev-master",
            "source-reference": "6b39ebc4f8b4d5e3bb7ba4350cd5175f12fc8510",
            "commit-date": "1343572385"
        },
        {
            "package": "twig/extensions",
            "version": "dev-master",
            "source-reference": "feb6d3f10c411e2631997c0a905aa581c80305c1",
            "commit-date": "1337599699"
        },
        {
            "package": "twig/twig",
            "version": "v1.9.1"
        },
        {
            "package": "willdurand/geocoder",
            "version": "1.0.7"
        }
    ],
    "packages-dev": null,
    "aliases": [

    ],
    "minimum-stability": "stable",
    "stability-flags": {
        "doctrine/doctrine-bundle": 20,
        "symfony/symfony": 20,
        "twig/extensions": 20,
        "symfony/assetic-bundle": 20,
        "kriswallsmith/assetic": 20,
        "sensio/generator-bundle": 20,
        "symfony/translation": 20,
        "symfony/framework-bundle": 20,
        "sensio/distribution-bundle": 20,
        "jms/security-extra-bundle": 20,
        "jms/di-extra-bundle": 20,
        "symfony/security-bundle": 20,
        "symfony/swiftmailer-bundle": 20,
        "symfony/monolog-bundle": 20,
        "sensio/framework-extra-bundle": 20,
        "doctrine/data-fixtures": 20,
        "doctrine/doctrine-fixtures-bundle": 20,
        "gedmo/doctrine-extensions": 20,
        "friendsofsymfony/user-bundle": 20,
        "kriswallsmith/buzz": 20,
        "elao/web-profiler-extra-bundle": 20
    }
}
